
Microsoft Visual Studio Solution File, Format Version 12.00
# Visual Studio Version 16
VisualStudioVersion = 16.0.29123.88
MinimumVisualStudioVersion = 10.0.40219.1
Project("{9A19103F-16F7-4668-BE54-9A1E7A4F7556}") = "Composifit", "Composifit\Composifit.csproj", "{1062570C-579D-4677-8B25-593349BE9F05}"
EndProject
Project("{9A19103F-16F7-4668-BE54-9A1E7A4F7556}") = "Composifit.Core", "Composifit.Core\Composifit.Core.csproj", "{DB43D7D8-78B5-493E-A2F6-23F28748B5C1}"
EndProject
Project("{9A19103F-16F7-4668-BE54-9A1E7A4F7556}") = "Composifit.Infrastructure", "Conposifit.Infrastructure\Composifit.Infrastructure.csproj", "{93F6F676-9A17-4947-8AD8-6CB5131CCAFA}"
EndProject
Project("{9A19103F-16F7-4668-BE54-9A1E7A4F7556}") = "Composifit.Domain", "Composifit.Domain\Composifit.Domain.csproj", "{89885060-84AA-4DD0-BA3E-3C62F0BE768B}"
EndProject
Global
	GlobalSection(SolutionConfigurationPlatforms) = preSolution
		Debug|Any CPU = Debug|Any CPU
		Release|Any CPU = Release|Any CPU
	EndGlobalSection
	GlobalSection(ProjectConfigurationPlatforms) = postSolution
		{1062570C-579D-4677-8B25-593349BE9F05}.Debug|Any CPU.ActiveCfg = Debug|Any CPU
		{1062570C-579D-4677-8B25-593349BE9F05}.Debug|Any CPU.Build.0 = Debug|Any CPU
		{1062570C-579D-4677-8B25-593349BE9F05}.Release|Any CPU.ActiveCfg = Release|Any CPU
		{1062570C-579D-4677-8B25-593349BE9F05}.Release|Any CPU.Build.0 = Release|Any CPU
		{DB43D7D8-78B5-493E-A2F6-23F28748B5C1}.Debug|Any CPU.ActiveCfg = Debug|Any CPU
		{DB43D7D8-78B5-493E-A2F6-23F28748B5C1}.Debug|Any CPU.Build.0 = Debug|Any CPU
		{DB43D7D8-78B5-493E-A2F6-23F28748B5C1}.Release|Any CPU.ActiveCfg = Release|Any CPU
		{DB43D7D8-78B5-493E-A2F6-23F28748B5C1}.Release|Any CPU.Build.0 = Release|Any CPU
		{93F6F676-9A17-4947-8AD8-6CB5131CCAFA}.Debug|Any CPU.ActiveCfg = Debug|Any CPU
		{93F6F676-9A17-4947-8AD8-6CB5131CCAFA}.Debug|Any CPU.Build.0 = Debug|Any CPU
		{93F6F676-9A17-4947-8AD8-6CB5131CCAFA}.Release|Any CPU.ActiveCfg = Release|Any CPU
		{93F6F676-9A17-4947-8AD8-6CB5131CCAFA}.Release|Any CPU.Build.0 = Release|Any CPU
		{89885060-84AA-4DD0-BA3E-3C62F0BE768B}.Debug|Any CPU.ActiveCfg = Debug|Any CPU
		{89885060-84AA-4DD0-BA3E-3C62F0BE768B}.Debug|Any CPU.Build.0 = Debug|Any CPU
		{89885060-84AA-4DD0-BA3E-3C62F0BE768B}.Release|Any CPU.ActiveCfg = Release|Any CPU
		{89885060-84AA-4DD0-BA3E-3C62F0BE768B}.Release|Any CPU.Build.0 = Release|Any CPU
	EndGlobalSection
	GlobalSection(SolutionProperties) = preSolution
		HideSolutionNode = FALSE
	EndGlobalSection
	GlobalSection(ExtensibilityGlobals) = postSolution
		SolutionGuid = {4401FFAA-4F3A-482E-884F-D68FA0360D4B}
	EndGlobalSection
EndGlobal
